{
  "name": "book",
  "version": "1.0.0",
  "lockfileVersion": 1,
  "requires": true,
  "dependencies": {
    "co": {
      "version": "4.6.0",
      "resolved": "http://registry.npm.taobao.org/co/download/co-4.6.0.tgz"
    },
    "cross-env": {
      "version": "5.2.0",
      "resolved": "http://registry.npm.taobao.org/cross-env/download/cross-env-5.2.0.tgz",
      "dev": true,
      "dependencies": {
        "cross-spawn": {
          "version": "http://registry.npm.taobao.org/cross-spawn/download/cross-spawn-6.0.5.tgz",
          "bundled": true
        },
        "is-windows": {
          "version": "http://registry.npm.taobao.org/is-windows/download/is-windows-1.0.2.tgz",
          "bundled": true
        }
      }
    },
    "koa-swig": {
      "version": "2.2.1",
      "resolved": "http://registry.npm.taobao.org/koa-swig/download/koa-swig-2.2.1.tgz",
      "dependencies": {
        "debug": {
          "version": "http://registry.npm.taobao.org/debug/download/debug-2.6.9.tgz",
          "bundled": true
        },
        "swig-templates": {
          "version": "http://registry.npm.taobao.org/swig-templates/download/swig-templates-2.0.3.tgz",
          "bundled": true
        },
        "thenify": {
          "version": "http://registry.npm.taobao.org/thenify/download/thenify-3.3.0.tgz",
          "bundled": true
        },
        "utils-merge": {
          "version": "http://registry.npm.taobao.org/utils-merge/download/utils-merge-1.0.1.tgz",
          "bundled": true
        }
      }
    }
  }
}
